
Microsoft Visual Studio Solution File, Format Version 12.00
# Visual Studio Version 17
VisualStudioVersion = 17.1.32328.378
MinimumVisualStudioVersion = 10.0.40219.1
Project("{8BC9CEB8-8B4A-11D0-8D11-00A0C91BC942}") = "SKNEngine", "SKNEngine.vcxproj", "{335B45CD-BC6D-4C7D-AE53-6D26B754D7A6}"
EndProject
Project("{2150E333-8FDC-42A3-9474-1A3956D46DE8}") = "Solution Items", "Solution Items", "{15601DA3-254F-4E47-B30F-C54C0EF6F873}"
	ProjectSection(SolutionItems) = preProject
		.editorconfig = .editorconfig
	EndProjectSection
EndProject
Global
	GlobalSection(SolutionConfigurationPlatforms) = preSolution
		Debug|x64 = Debug|x64
		Release|x64 = Release|x64
	EndGlobalSection
	GlobalSection(ProjectConfigurationPlatforms) = postSolution
		{335B45CD-BC6D-4C7D-AE53-6D26B754D7A6}.Debug|x64.ActiveCfg = Debug|x64
		{335B45CD-BC6D-4C7D-AE53-6D26B754D7A6}.Debug|x64.Build.0 = Debug|x64
		{335B45CD-BC6D-4C7D-AE53-6D26B754D7A6}.Release|x64.ActiveCfg = Release|x64
		{335B45CD-BC6D-4C7D-AE53-6D26B754D7A6}.Release|x64.Build.0 = Release|x64
	EndGlobalSection
	GlobalSection(SolutionProperties) = preSolution
		HideSolutionNode = FALSE
	EndGlobalSection
	GlobalSection(ExtensibilityGlobals) = postSolution
		SolutionGuid = {9963D6F8-4180-4AD0-B2A6-A58D55D93A77}
	EndGlobalSection
EndGlobal
